// !$*UTF8*$!
{
	archiveVersion = 1;
	classes = {
	};
	objectVersion = 50;
	objects = {

/* Begin PBXBuildFile section */
		457F8F4B2190DC7F001428DB /* ReactNativeModalViewController.swift in Sources */ = {isa = PBXBuildFile; fileRef = 457F8F4A2190DC7F001428DB /* ReactNativeModalViewController.swift */; };
		457F8F4F2190DF1B001428DB /* ReactNativeModalBridge.m in Sources */ = {isa = PBXBuildFile; fileRef = 457F8F4E2190DF1B001428DB /* ReactNativeModalBridge.m */; };
		457F8F522190E1BA001428DB /* ReactNativeEvents.m in Sources */ = {isa = PBXBuildFile; fileRef = 457F8F512190E1BA001428DB /* ReactNativeEvents.m */; };
		4591F355218F947E0074F820 /* AppDelegate.swift in Sources */ = {isa = PBXBuildFile; fileRef = 4591F354218F947E0074F820 /* AppDelegate.swift */; };
		4591F357218F947E0074F820 /* MainViewController.swift in Sources */ = {isa = PBXBuildFile; fileRef = 4591F356218F947E0074F820 /* MainViewController.swift */; };
		4591F35A218F947E0074F820 /* Main.storyboard in Resources */ = {isa = PBXBuildFile; fileRef = 4591F358218F947E0074F820 /* Main.storyboard */; };
		4591F35C218F947F0074F820 /* Assets.xcassets in Resources */ = {isa = PBXBuildFile; fileRef = 4591F35B218F947F0074F820 /* Assets.xcassets */; };
		4591F35F218F947F0074F820 /* LaunchScreen.storyboard in Resources */ = {isa = PBXBuildFile; fileRef = 4591F35D218F947F0074F820 /* LaunchScreen.storyboard */; };
		B86F838F88FEBF62FE1EBE7A /* Pods_NativeModulesCommunication.framework in Frameworks */ = {isa = PBXBuildFile; fileRef = E080DF7FDA942836711DE01D /* Pods_NativeModulesCommunication.framework */; };
/* End PBXBuildFile section */

/* Begin PBXFileReference section */
		3F00E930538D30FD1CB049DE /* Pods-NativeModulesCommunication.debug.xcconfig */ = {isa = PBXFileReference; includeInIndex = 1; lastKnownFileType = text.xcconfig; name = "Pods-NativeModulesCommunication.debug.xcconfig"; path = "Pods/Target Support Files/Pods-NativeModulesCommunication/Pods-NativeModulesCommunication.debug.xcconfig"; sourceTree = "<group>"; };
		457F8F4A2190DC7F001428DB /* ReactNativeModalViewController.swift */ = {isa = PBXFileReference; lastKnownFileType = sourcecode.swift; path = ReactNativeModalViewController.swift; sourceTree = "<group>"; };
		457F8F4C2190DF1B001428DB /* NativeModulesCommunication-Bridging-Header.h */ = {isa = PBXFileReference; lastKnownFileType = sourcecode.c.h; path = "NativeModulesCommunication-Bridging-Header.h"; sourceTree = "<group>"; };
		457F8F4D2190DF1B001428DB /* ReactNativeModalBridge.h */ = {isa = PBXFileReference; lastKnownFileType = sourcecode.c.h; path = ReactNativeModalBridge.h; sourceTree = "<group>"; };
		457F8F4E2190DF1B001428DB /* ReactNativeModalBridge.m */ = {isa = PBXFileReference; lastKnownFileType = sourcecode.c.objc; path = ReactNativeModalBridge.m; sourceTree = "<group>"; };
		457F8F502190E1BA001428DB /* ReactNativeEvents.h */ = {isa = PBXFileReference; lastKnownFileType = sourcecode.c.h; path = ReactNativeEvents.h; sourceTree = "<group>"; };
		457F8F512190E1BA001428DB /* ReactNativeEvents.m */ = {isa = PBXFileReference; lastKnownFileType = sourcecode.c.objc; path = ReactNativeEvents.m; sourceTree = "<group>"; };
		4591F351218F947E0074F820 /* NativeModulesCommunication.app */ = {isa = PBXFileReference; explicitFileType = wrapper.application; includeInIndex = 0; path = NativeModulesCommunication.app; sourceTree = BUILT_PRODUCTS_DIR; };
		4591F354218F947E0074F820 /* AppDelegate.swift */ = {isa = PBXFileReference; lastKnownFileType = sourcecode.swift; path = AppDelegate.swift; sourceTree = "<group>"; };
		4591F356218F947E0074F820 /* MainViewController.swift */ = {isa = PBXFileReference; lastKnownFileType = sourcecode.swift; path = MainViewController.swift; sourceTree = "<group>"; };
		4591F359218F947E0074F820 /* Base */ = {isa = PBXFileReference; lastKnownFileType = file.storyboard; name = Base; path = Base.lproj/Main.storyboard; sourceTree = "<group>"; };
		4591F35B218F947F0074F820 /* Assets.xcassets */ = {isa = PBXFileReference; lastKnownFileType = folder.assetcatalog; path = Assets.xcassets; sourceTree = "<group>"; };
		4591F35E218F947F0074F820 /* Base */ = {isa = PBXFileReference; lastKnownFileType = file.storyboard; name = Base; path = Base.lproj/LaunchScreen.storyboard; sourceTree = "<group>"; };
		4591F360218F947F0074F820 /* Info.plist */ = {isa = PBXFileReference; lastKnownFileType = text.plist.xml; path = Info.plist; sourceTree = "<group>"; };
		E080DF7FDA942836711DE01D /* Pods_NativeModulesCommunication.framework */ = {isa = PBXFileReference; explicitFileType = wrapper.framework; includeInIndex = 0; path = Pods_NativeModulesCommunication.framework; sourceTree = BUILT_PRODUCTS_DIR; };
		F26F1236136E065D77D4FAEB /* Pods-NativeModulesCommunication.release.xcconfig */ = {isa = PBXFileReference; includeInIndex = 1; lastKnownFileType = text.xcconfig; name = "Pods-NativeModulesCommunication.release.xcconfig"; path = "Pods/Target Support Files/Pods-NativeModulesCommunication/Pods-NativeModulesCommunication.release.xcconfig"; sourceTree = "<group>"; };
/* End PBXFileReference section */

/* Begin PBXFrameworksBuildPhase section */
		4591F34E218F947E0074F820 /* Frameworks */ = {
			isa = PBXFrameworksBuildPhase;
			buildActionMask = 2147483647;
			files = (
				B86F838F88FEBF62FE1EBE7A /* Pods_NativeModulesCommunication.framework in Frameworks */,
			);
			runOnlyForDeploymentPostprocessing = 0;
		};
/* End PBXFrameworksBuildPhase section */

/* Begin PBXGroup section */
		2BC85D460CEE7E8319DE5661 /* Frameworks */ = {
			isa = PBXGroup;
			children = (
				E080DF7FDA942836711DE01D /* Pods_NativeModulesCommunication.framework */,
			);
			name = Frameworks;
			sourceTree = "<group>";
		};
		4591F348218F947D0074F820 = {
			isa = PBXGroup;
			children = (
				4591F353218F947E0074F820 /* NativeModulesCommunication */,
				4591F352218F947E0074F820 /* Products */,
				9855D30B7261FE8EF090E644 /* Pods */,
				2BC85D460CEE7E8319DE5661 /* Frameworks */,
			);
			sourceTree = "<group>";
		};
		4591F352218F947E0074F820 /* Products */ = {
			isa = PBXGroup;
			children = (
				4591F351218F947E0074F820 /* NativeModulesCommunication.app */,
			);
			name = Products;
			sourceTree = "<group>";
		};
		4591F353218F947E0074F820 /* NativeModulesCommunication */ = {
			isa = PBXGroup;
			children = (
				4591F356218F947E0074F820 /* MainViewController.swift */,
				457F8F4A2190DC7F001428DB /* ReactNativeModalViewController.swift */,
				457F8F4D2190DF1B001428DB /* ReactNativeModalBridge.h */,
				457F8F4E2190DF1B001428DB /* ReactNativeModalBridge.m */,
				457F8F502190E1BA001428DB /* ReactNativeEvents.h */,
				457F8F512190E1BA001428DB /* ReactNativeEvents.m */,
				4591F354218F947E0074F820 /* AppDelegate.swift */,
				457F8F4C2190DF1B001428DB /* NativeModulesCommunication-Bridging-Header.h */,
				4591F358218F947E0074F820 /* Main.storyboard */,
				4591F35B218F947F0074F820 /* Assets.xcassets */,
				4591F35D218F947F0074F820 /* LaunchScreen.storyboard */,
				4591F360218F947F0074F820 /* Info.plist */,
			);
			path = NativeModulesCommunication;
			sourceTree = "<group>";
		};
		9855D30B7261FE8EF090E644 /* Pods */ = {
			isa = PBXGroup;
			children = (
				3F00E930538D30FD1CB049DE /* Pods-NativeModulesCommunication.debug.xcconfig */,
				F26F1236136E065D77D4FAEB /* Pods-NativeModulesCommunication.release.xcconfig */,
			);
			name = Pods;
			sourceTree = "<group>";
		};
/* End PBXGroup section */

/* Begin PBXNativeTarget section */
		4591F350218F947E0074F820 /* NativeModulesCommunication */ = {
			isa = PBXNativeTarget;
			buildConfigurationList = 4591F363218F947F0074F820 /* Build configuration list for PBXNativeTarget "NativeModulesCommunication" */;
			buildPhases = (
				04ACB99DDC82196EFE62E5DC /* [CP] Check Pods Manifest.lock */,
				4591F34D218F947E0074F820 /* Sources */,
				4591F34E218F947E0074F820 /* Frameworks */,
				4591F34F218F947E0074F820 /* Resources */,
				7D84347463777028C24033E5 /* [CP] Embed Pods Frameworks */,
			);
			buildRules = (
			);
			dependencies = (
			);
			name = NativeModulesCommunication;
			productName = NativeModulesCommunication;
			productReference = 4591F351218F947E0074F820 /* NativeModulesCommunication.app */;
			productType = "com.apple.product-type.application";
		};
/* End PBXNativeTarget section */

/* Begin PBXProject section */
		4591F349218F947D0074F820 /* Project object */ = {
			isa = PBXProject;
			attributes = {
				LastSwiftUpdateCheck = 1010;
				LastUpgradeCheck = 1010;
				TargetAttributes = {
					4591F350218F947E0074F820 = {
						CreatedOnToolsVersion = 10.1;
						LastSwiftMigration = 1010;
					};
				};
			};
			buildConfigurationList = 4591F34C218F947D0074F820 /* Build configuration list for PBXProject "NativeModulesCommunication" */;
			compatibilityVersion = "Xcode 9.3";
			developmentRegion = en;
			hasScannedForEncodings = 0;
			knownRegions = (
				en,
				Base,
			);
			mainGroup = 4591F348218F947D0074F820;
			productRefGroup = 4591F352218F947E0074F820 /* Products */;
			projectDirPath = "";
			projectRoot = "";
			targets = (
				4591F350218F947E0074F820 /* NativeModulesCommunication */,
			);
		};
/* End PBXProject section */

/* Begin PBXResourcesBuildPhase section */
		4591F34F218F947E0074F820 /* Resources */ = {
			isa = PBXResourcesBuildPhase;
			buildActionMask = 2147483647;
			files = (
				4591F35F218F947F0074F820 /* LaunchScreen.storyboard in Resources */,
				4591F35C218F947F0074F820 /* Assets.xcassets in Resources */,
				4591F35A218F947E0074F820 /* Main.storyboard in Resources */,
			);
			runOnlyForDeploymentPostprocessing = 0;
		};
/* End PBXResourcesBuildPhase section */

/* Begin PBXShellScriptBuildPhase section */
		04ACB99DDC82196EFE62E5DC /* [CP] Check Pods Manifest.lock */ = {
			isa = PBXShellScriptBuildPhase;
			buildActionMask = 2147483647;
			files = (
			);
			inputPaths = (
				"${PODS_PODFILE_DIR_PATH}/Podfile.lock",
				"${PODS_ROOT}/Manifest.lock",
			);
			name = "[CP] Check Pods Manifest.lock";
			outputPaths = (
				"$(DERIVED_FILE_DIR)/Pods-NativeModulesCommunication-checkManifestLockResult.txt",
			);
			runOnlyForDeploymentPostprocessing = 0;
			shellPath = /bin/sh;
			shellScript = "diff \"${PODS_PODFILE_DIR_PATH}/Podfile.lock\" \"${PODS_ROOT}/Manifest.lock\" > /dev/null\nif [ $? != 0 ] ; then\n    # print error to STDERR\n    echo \"error: The sandbox is not in sync with the Podfile.lock. Run 'pod install' or update your CocoaPods installation.\" >&2\n    exit 1\nfi\n# This output is used by Xcode 'outputs' to avoid re-running this script phase.\necho \"SUCCESS\" > \"${SCRIPT_OUTPUT_FILE_0}\"\n";
			showEnvVarsInLog = 0;
		};
		7D84347463777028C24033E5 /* [CP] Embed Pods Frameworks */ = {
			isa = PBXShellScriptBuildPhase;
			buildActionMask = 2147483647;
			files = (
			);
			inputPaths = (
				"${SRCROOT}/Pods/Target Support Files/Pods-NativeModulesCommunication/Pods-NativeModulesCommunication-frameworks.sh",
				"${BUILT_PRODUCTS_DIR}/DoubleConversion/DoubleConversion.framework",
				"${BUILT_PRODUCTS_DIR}/Folly/folly.framework",
				"${BUILT_PRODUCTS_DIR}/React/React.framework",
				"${BUILT_PRODUCTS_DIR}/glog/glog.framework",
				"${BUILT_PRODUCTS_DIR}/yoga/yoga.framework",
			);
			name = "[CP] Embed Pods Frameworks";
			outputPaths = (
				"${TARGET_BUILD_DIR}/${FRAMEWORKS_FOLDER_PATH}/DoubleConversion.framework",
				"${TARGET_BUILD_DIR}/${FRAMEWORKS_FOLDER_PATH}/folly.framework",
				"${TARGET_BUILD_DIR}/${FRAMEWORKS_FOLDER_PATH}/React.framework",
				"${TARGET_BUILD_DIR}/${FRAMEWORKS_FOLDER_PATH}/glog.framework",
				"${TARGET_BUILD_DIR}/${FRAMEWORKS_FOLDER_PATH}/yoga.framework",
			);
			runOnlyForDeploymentPostprocessing = 0;
			shellPath = /bin/sh;
			shellScript = "\"${SRCROOT}/Pods/Target Support Files/Pods-NativeModulesCommunication/Pods-NativeModulesCommunication-frameworks.sh\"\n";
			showEnvVarsInLog = 0;
		};
/* End PBXShellScriptBuildPhase section */

/* Begin PBXSourcesBuildPhase section */
		4591F34D218F947E0074F820 /* Sources */ = {
			isa = PBXSourcesBuildPhase;
			buildActionMask = 2147483647;
			files = (
				457F8F4B2190DC7F001428DB /* ReactNativeModalViewController.swift in Sources */,
				4591F357218F947E0074F820 /* MainViewController.swift in Sources */,
				4591F355218F947E0074F820 /* AppDelegate.swift in Sources */,
				457F8F4F2190DF1B001428DB /* ReactNativeModalBridge.m in Sources */,
				457F8F522190E1BA001428DB /* ReactNativeEvents.m in Sources */,
			);
			runOnlyForDeploymentPostprocessing = 0;
		};
/* End PBXSourcesBuildPhase section */

/* Begin PBXVariantGroup section */
		4591F358218F947E0074F820 /* Main.storyboard */ = {
			isa = PBXVariantGroup;
			children = (
				4591F359218F947E0074F820 /* Base */,
			);
			name = Main.storyboard;
			sourceTree = "<group>";
		};
		4591F35D218F947F0074F820 /* LaunchScreen.storyboard */ = {
			isa = PBXVariantGroup;
			children = (
				4591F35E218F947F0074F820 /* Base */,
			);
			name = LaunchScreen.storyboard;
			sourceTree = "<group>";
		};
/* End PBXVariantGroup section */

/* Begin XCBuildConfiguration section */
		4591F361218F947F0074F820 /* Debug */ = {
			isa = XCBuildConfiguration;
			buildSettings = {
				ALWAYS_SEARCH_USER_PATHS = NO;
				CLANG_ANALYZER_NONNULL = YES;
				CLANG_ANALYZER_NUMBER_OBJECT_CONVERSION = YES_AGGRESSIVE;
				CLANG_CXX_LANGUAGE_STANDARD = "gnu++14";
				CLANG_CXX_LIBRARY = "libc++";
				CLANG_ENABLE_MODULES = YES;
				CLANG_ENABLE_OBJC_ARC = YES;
				CLANG_ENABLE_OBJC_WEAK = YES;
				CLANG_WARN_BLOCK_CAPTURE_AUTORELEASING = YES;
				CLANG_WARN_BOOL_CONVERSION = YES;
				CLANG_WARN_COMMA = YES;
				CLANG_WARN_CONSTANT_CONVERSION = YES;
				CLANG_WARN_DEPRECATED_OBJC_IMPLEMENTATIONS = YES;
				CLANG_WARN_DIRECT_OBJC_ISA_USAGE = YES_ERROR;
				CLANG_WARN_DOCUMENTATION_COMMENTS = YES;
				CLANG_WARN_EMPTY_BODY = YES;
				CLANG_WARN_ENUM_CONVERSION = YES;
				CLANG_WARN_INFINITE_RECURSION = YES;
				CLANG_WARN_INT_CONVERSION = YES;
				CLANG_WARN_NON_LITERAL_NULL_CONVERSION = YES;
				CLANG_WARN_OBJC_IMPLICIT_RETAIN_SELF = YES;
				CLANG_WARN_OBJC_LITERAL_CONVERSION = YES;
				CLANG_WARN_OBJC_ROOT_CLASS = YES_ERROR;
				CLANG_WARN_RANGE_LOOP_ANALYSIS = YES;
				CLANG_WARN_STRICT_PROTOTYPES = YES;
				CLANG_WARN_SUSPICIOUS_MOVE = YES;
				CLANG_WARN_UNGUARDED_AVAILABILITY = YES_AGGRESSIVE;
				CLANG_WARN_UNREACHABLE_CODE = YES;
				CLANG_WARN__DUPLICATE_METHOD_MATCH = YES;
				CODE_SIGN_IDENTITY = "iPhone Developer";
				COPY_PHASE_STRIP = NO;
				DEBUG_INFORMATION_FORMAT = dwarf;
				ENABLE_STRICT_OBJC_MSGSEND = YES;
				ENABLE_TESTABILITY = YES;
				GCC_C_LANGUAGE_STANDARD = gnu11;
				GCC_DYNAMIC_NO_PIC = NO;
				GCC_NO_COMMON_BLOCKS = YES;
				GCC_OPTIMIZATION_LEVEL = 0;
				GCC_PREPROCESSOR_DEFINITIONS = (
					"DEBUG=1",
					"$(inherited)",
				);
				GCC_WARN_64_TO_32_BIT_CONVERSION = YES;
				GCC_WARN_ABOUT_RETURN_TYPE = YES_ERROR;
				GCC_WARN_UNDECLARED_SELECTOR = YES;
				GCC_WARN_UNINITIALIZED_AUTOS = YES_AGGRESSIVE;
				GCC_WARN_UNUSED_FUNCTION = YES;
				GCC_WARN_UNUSED_VARIABLE = YES;
				IPHONEOS_DEPLOYMENT_TARGET = 12.1;
				MTL_ENABLE_DEBUG_INFO = INCLUDE_SOURCE;
				MTL_FAST_MATH = YES;
				ONLY_ACTIVE_ARCH = YES;
				SDKROOT = iphoneos;
				SWIFT_ACTIVE_COMPILATION_CONDITIONS = DEBUG;
				SWIFT_OPTIMIZATION_LEVEL = "-Onone";
			};
			name = Debug;
		};
		4591F362218F947F0074F820 /* Release */ = {
			isa = XCBuildConfiguration;
			buildSettings = {
				ALWAYS_SEARCH_USER_PATHS = NO;
				CLANG_ANALYZER_NONNULL = YES;
				CLANG_ANALYZER_NUMBER_OBJECT_CONVERSION = YES_AGGRESSIVE;
				CLANG_CXX_LANGUAGE_STANDARD = "gnu++14";
				CLANG_CXX_LIBRARY = "libc++";
				CLANG_ENABLE_MODULES = YES;
				CLANG_ENABLE_OBJC_ARC = YES;
				CLANG_ENABLE_OBJC_WEAK = YES;
				CLANG_WARN_BLOCK_CAPTURE_AUTORELEASING = YES;
				CLANG_WARN_BOOL_CONVERSION = YES;
				CLANG_WARN_COMMA = YES;
				CLANG_WARN_CONSTANT_CONVERSION = YES;
				CLANG_WARN_DEPRECATED_OBJC_IMPLEMENTATIONS = YES;
				CLANG_WARN_DIRECT_OBJC_ISA_USAGE = YES_ERROR;
				CLANG_WARN_DOCUMENTATION_COMMENTS = YES;
				CLANG_WARN_EMPTY_BODY = YES;
				CLANG_WARN_ENUM_CONVERSION = YES;
				CLANG_WARN_INFINITE_RECURSION = YES;
				CLANG_WARN_INT_CONVERSION = YES;
				CLANG_WARN_NON_LITERAL_NULL_CONVERSION = YES;
				CLANG_WARN_OBJC_IMPLICIT_RETAIN_SELF = YES;
				CLANG_WARN_OBJC_LITERAL_CONVERSION = YES;
				CLANG_WARN_OBJC_ROOT_CLASS = YES_ERROR;
				CLANG_WARN_RANGE_LOOP_ANALYSIS = YES;
				CLANG_WARN_STRICT_PROTOTYPES = YES;
				CLANG_WARN_SUSPICIOUS_MOVE = YES;
				CLANG_WARN_UNGUARDED_AVAILABILITY = YES_AGGRESSIVE;
				CLANG_WARN_UNREACHABLE_CODE = YES;
				CLANG_WARN__DUPLICATE_METHOD_MATCH = YES;
				CODE_SIGN_IDENTITY = "iPhone Developer";
				COPY_PHASE_STRIP = NO;
				DEBUG_INFORMATION_FORMAT = "dwarf-with-dsym";
				ENABLE_NS_ASSERTIONS = NO;
				ENABLE_STRICT_OBJC_MSGSEND = YES;
				GCC_C_LANGUAGE_STANDARD = gnu11;
				GCC_NO_COMMON_BLOCKS = YES;
				GCC_WARN_64_TO_32_BIT_CONVERSION = YES;
				GCC_WARN_ABOUT_RETURN_TYPE = YES_ERROR;
				GCC_WARN_UNDECLARED_SELECTOR = YES;
				GCC_WARN_UNINITIALIZED_AUTOS = YES_AGGRESSIVE;
				GCC_WARN_UNUSED_FUNCTION = YES;
				GCC_WARN_UNUSED_VARIABLE = YES;
				IPHONEOS_DEPLOYMENT_TARGET = 12.1;
				MTL_ENABLE_DEBUG_INFO = NO;
				MTL_FAST_MATH = YES;
				SDKROOT = iphoneos;
				SWIFT_COMPILATION_MODE = wholemodule;
				SWIFT_OPTIMIZATION_LEVEL = "-O";
				VALIDATE_PRODUCT = YES;
			};
			name = Release;
		};
		4591F364218F947F0074F820 /* Debug */ = {
			isa = XCBuildConfiguration;
			baseConfigurationReference = 3F00E930538D30FD1CB049DE /* Pods-NativeModulesCommunication.debug.xcconfig */;
			buildSettings = {
				ASSETCATALOG_COMPILER_APPICON_NAME = AppIcon;
				CLANG_ENABLE_MODULES = YES;
				CODE_SIGN_STYLE = Automatic;
				DEVELOPMENT_TEAM = Y682K92RZU;
				INFOPLIST_FILE = NativeModulesCommunication/Info.plist;
				LD_RUNPATH_SEARCH_PATHS = (
					"$(inherited)",
					"@executable_path/Frameworks",
				);
				PRODUCT_BUNDLE_IDENTIFIER = it.chicio.NativeModulesCommunication;
				PRODUCT_NAME = "$(TARGET_NAME)";
				SWIFT_OBJC_BRIDGING_HEADER = "NativeModulesCommunication/NativeModulesCommunication-Bridging-Header.h";
				SWIFT_OPTIMIZATION_LEVEL = "-Onone";
				SWIFT_VERSION = 4.2;
				TARGETED_DEVICE_FAMILY = "1,2";
			};
			name = Debug;
		};
		4591F365218F947F0074F820 /* Release */ = {
			isa = XCBuildConfiguration;
			baseConfigurationReference = F26F1236136E065D77D4FAEB /* Pods-NativeModulesCommunication.release.xcconfig */;
			buildSettings = {
				ASSETCATALOG_COMPILER_APPICON_NAME = AppIcon;
				CLANG_ENABLE_MODULES = YES;
				CODE_SIGN_STYLE = Automatic;
				DEVELOPMENT_TEAM = Y682K92RZU;
				INFOPLIST_FILE = NativeModulesCommunication/Info.plist;
				LD_RUNPATH_SEARCH_PATHS = (
					"$(inherited)",
					"@executable_path/Frameworks",
				);
				PRODUCT_BUNDLE_IDENTIFIER = it.chicio.NativeModulesCommunication;
				PRODUCT_NAME = "$(TARGET_NAME)";
				SWIFT_OBJC_BRIDGING_HEADER = "NativeModulesCommunication/NativeModulesCommunication-Bridging-Header.h";
				SWIFT_VERSION = 4.2;
				TARGETED_DEVICE_FAMILY = "1,2";
			};
			name = Release;
		};
/* End XCBuildConfiguration section */

/* Begin XCConfigurationList section */
		4591F34C218F947D0074F820 /* Build configuration list for PBXProject "NativeModulesCommunication" */ = {
			isa = XCConfigurationList;
			buildConfigurations = (
				4591F361218F947F0074F820 /* Debug */,
				4591F362218F947F0074F820 /* Release */,
			);
			defaultConfigurationIsVisible = 0;
			defaultConfigurationName = Release;
		};
		4591F363218F947F0074F820 /* Build configuration list for PBXNativeTarget "NativeModulesCommunication" */ = {
			isa = XCConfigurationList;
			buildConfigurations = (
				4591F364218F947F0074F820 /* Debug */,
				4591F365218F947F0074F820 /* Release */,
			);
			defaultConfigurationIsVisible = 0;
			defaultConfigurationName = Release;
		};
/* End XCConfigurationList section */
	};
	rootObject = 4591F349218F947D0074F820 /* Project object */;
}
